
Microsoft Visual Studio Solution File, Format Version 12.00
# Visual Studio Version 16
VisualStudioVersion = 16.0.30204.135
MinimumVisualStudioVersion = 10.0.40219.1
Project("{FAE04EC0-301F-11D3-BF4B-00C04F79EFBC}") = "ConsoleApp", "ConsoleApp\ConsoleApp.csproj", "{BBC104E1-F906-4AAA-8AFA-F5485985EEB2}"
EndProject
Project("{FAE04EC0-301F-11D3-BF4B-00C04F79EFBC}") = "ClaimClasses", "ClaimClasses\ClaimClasses.csproj", "{79D50CB0-F32C-46C5-93D0-7C96DFD8C5F5}"
EndProject
Project("{FAE04EC0-301F-11D3-BF4B-00C04F79EFBC}") = "ClaimTests", "ClaimTests\ClaimTests.csproj", "{A53CCB92-D8AA-495A-A37A-B5DD8DA24B4C}"
EndProject
Global
	GlobalSection(SolutionConfigurationPlatforms) = preSolution
		Debug|Any CPU = Debug|Any CPU
		Release|Any CPU = Release|Any CPU
	EndGlobalSection
	GlobalSection(ProjectConfigurationPlatforms) = postSolution
		{BBC104E1-F906-4AAA-8AFA-F5485985EEB2}.Debug|Any CPU.ActiveCfg = Debug|Any CPU
		{BBC104E1-F906-4AAA-8AFA-F5485985EEB2}.Debug|Any CPU.Build.0 = Debug|Any CPU
		{BBC104E1-F906-4AAA-8AFA-F5485985EEB2}.Release|Any CPU.ActiveCfg = Release|Any CPU
		{BBC104E1-F906-4AAA-8AFA-F5485985EEB2}.Release|Any CPU.Build.0 = Release|Any CPU
		{79D50CB0-F32C-46C5-93D0-7C96DFD8C5F5}.Debug|Any CPU.ActiveCfg = Debug|Any CPU
		{79D50CB0-F32C-46C5-93D0-7C96DFD8C5F5}.Debug|Any CPU.Build.0 = Debug|Any CPU
		{79D50CB0-F32C-46C5-93D0-7C96DFD8C5F5}.Release|Any CPU.ActiveCfg = Release|Any CPU
		{79D50CB0-F32C-46C5-93D0-7C96DFD8C5F5}.Release|Any CPU.Build.0 = Release|Any CPU
		{A53CCB92-D8AA-495A-A37A-B5DD8DA24B4C}.Debug|Any CPU.ActiveCfg = Debug|Any CPU
		{A53CCB92-D8AA-495A-A37A-B5DD8DA24B4C}.Debug|Any CPU.Build.0 = Debug|Any CPU
		{A53CCB92-D8AA-495A-A37A-B5DD8DA24B4C}.Release|Any CPU.ActiveCfg = Release|Any CPU
		{A53CCB92-D8AA-495A-A37A-B5DD8DA24B4C}.Release|Any CPU.Build.0 = Release|Any CPU
	EndGlobalSection
	GlobalSection(SolutionProperties) = preSolution
		HideSolutionNode = FALSE
	EndGlobalSection
	GlobalSection(ExtensibilityGlobals) = postSolution
		SolutionGuid = {AA0F6131-94F4-4A8E-83C1-5B0CA13D53CF}
	EndGlobalSection
EndGlobal
